// !$*UTF8*$!
{
	archiveVersion = 1;
	classes = {
	};
	objectVersion = 46;
	objects = {

		B2F8A02009997628C6F38BBC = {isa = PBXBuildFile; fileRef = 07F86950AEF7D993339FFA79; };
		53B0C377B54130E5D8A45D98 = {isa = PBXBuildFile; fileRef = D6F174D134F76B9AC7650B73; };
		FB2F4E87831C40A708705553 = {isa = PBXBuildFile; fileRef = 6519D12FA3535316B5F0E8A4; };
		423950656B7CB0FA43A3C057 = {isa = PBXBuildFile; fileRef = 7252B0C259BD288E5D280B6F; };
		65B59741E1DE6BE13513C557 = {isa = PBXBuildFile; fileRef = 9C51A7FA10E85425FA2778D9; };
		7E9D63B00BD3A70A7C090D40 = {isa = PBXBuildFile; fileRef = 16AB8950368E3673E1E50C5B; };
		4AF71DEC7BD63BB61FEC5FAA = {isa = PBXBuildFile; fileRef = E60243E4F51A05C74234FBB7; };
		A29982D4ABB7246BF6512AD0 = {isa = PBXBuildFile; fileRef = 1D36A2B044348ACCE3170864; };
		EB0FCCD0A9394FEB1EBC0740 = {isa = PBXBuildFile; fileRef = 159C2BA1D13C711C4015C1E2; };
		1C661A6B435CC61B6A1FE966 = {isa = PBXBuildFile; fileRef = 3898A45DB48AB3ED1B00185C; };
		0CA0EE3192D9D9ACB768D42D = {isa = PBXBuildFile; fileRef = C2776857E6DE8A2C7FBD4283; };
		21F1055A4689ABCF757E55AD = {isa = PBXBuildFile; fileRef = 884AF996C712F1A464C9E9FA; };
		A79515610A9F73E3FD3B9802 = {isa = PBXBuildFile; fileRef = 2383AA75421EC5C44E8ADB2A; };
		27C197B77B9B118C2CFBA418 = {isa = PBXBuildFile; fileRef = 1926184C584FA87563FF5869; };
		82D8AED6AC0517DFCDCE32D6 = {isa = PBXBuildFile; fileRef = A9369A0D7923800F6E7C174E; };
		41C95E6C038A62028C08A06B = {isa = PBXBuildFile; fileRef = 982991232566F87AFE5FA836; };
		0CFE79C37DFEB1DF753AEB01 = {isa = PBXBuildFile; fileRef = 0F5A66E94B2527A0C51C8246; };
		1A94118AEB7C86D905BBE358 = {isa = PBXBuildFile; fileRef = 6AED47B294FBC55BE32BE8C6; };
		881F30052A3D74EFD1D71FC6 = {isa = PBXBuildFile; fileRef = C003BBFBAB6B2D559E121BF6; };
		8B2D0087A965EA847B8C1A14 = {isa = PBXBuildFile; fileRef = 3B3208B3F7162AC46C369AB0; };
		320B8650F574841E7A79444A = {isa = PBXBuildFile; fileRef = FBCD00DBA35B7375D0EB795F; };
		F86DDDC5C77962750EA540A7 = {isa = PBXBuildFile; fileRef = 7C0DC96C89CB3060B61B9F5E; };
		D2346DB78FAA32FED955E091 = {isa = PBXBuildFile; fileRef = 340017C549ED64A410F3F782; };
		3C45C1DCF6EF0550EE2F72DD = {isa = PBXBuildFile; fileRef = F64A64EAC16D454245F5F82D; };
		61D088FAE67EDBE3259585F0 = {isa = PBXBuildFile; fileRef = A607587ABC3A3D160C113734; };
		85D019A6EC3F939EF517D504 = {isa = PBXBuildFile; fileRef = 3EB7AE00C052D3479F16A1B9; };
		1766D6BEEB975722BA2FB813 = {isa = PBXBuildFile; fileRef = 9E51112831787B3395E4C361; };
		B9BA847581881DC7BEE2A745 = {isa = PBXBuildFile; fileRef = 3F1CD6B20E432B492312977B; };
		C493CBC6B1576F1A40F71DCE = {isa = PBXBuildFile; fileRef = A6120984740EBF0277AF9320; };
		D595ACFF2458D595A1D4DDDF = {isa = PBXBuildFile; fileRef = 57C808A30839214D1EA6D288; };
		7F7867695908D760FE291D6C = {isa = PBXBuildFile; fileRef = 6B1E87D729B82AF0AE93BC47; };
		948DE5F56081199E27E2CC47 = {isa = PBXBuildFile; fileRef = 5F16FFFDE1DD70AEA79E1544; };
		4BE404E4274A77E73E984128 = {isa = PBXBuildFile; fileRef = 74A428ACD3D3178AB557A4B1; };
		0A0F80B24E37C18A1D9AA1AA = {isa = PBXBuildFile; fileRef = 6DD55E317F49F28B04BBA607; };
		5C7FBFC519DDBAD2C4690913 = {isa = PBXBuildFile; fileRef = 9364EC59B584D4F01F0F2F2C; };
		2F617669E580C28D4BFE58F2 = {isa = PBXBuildFile; fileRef = B63DB1C47992C5D9648C934C; };
		EFB999AE1D43085D7EAB6AC1 = {isa = PBXBuildFile; fileRef = 51A8F0E51B7458B222F71544; };
		077AC216B81D958992FBF501 = {isa = PBXFileReference; lastKnownFileType = file; name = "juce_audio_devices"; path = "../../../../../../../../Applications/juce-huckleberry-osx/modules/juce_audio_devices"; sourceTree = "SOURCE_ROOT"; };
		07F86950AEF7D993339FFA79 = {isa = PBXFileReference; explicitFileType = wrapper.application; includeInIndex = 0; path = A5.app; sourceTree = "BUILT_PRODUCTS_DIR"; };
		0F5A66E94B2527A0C51C8246 = {isa = PBXFileReference; lastKnownFileType = file.nib; name = RecentFilesMenuTemplate.nib; path = RecentFilesMenuTemplate.nib; sourceTree = "SOURCE_ROOT"; };
		159C2BA1D13C711C4015C1E2 = {isa = PBXFileReference; lastKnownFileType = wrapper.framework; name = CoreAudio.framework; path = System/Library/Frameworks/CoreAudio.framework; sourceTree = SDKROOT; };
		16AB8950368E3673E1E50C5B = {isa = PBXFileReference; lastKnownFileType = wrapper.framework; name = AVKit.framework; path = System/Library/Frameworks/AVKit.framework; sourceTree = SDKROOT; };
		1926184C584FA87563FF5869 = {isa = PBXFileReference; lastKnownFileType = wrapper.framework; name = OpenGL.framework; path = System/Library/Frameworks/OpenGL.framework; sourceTree = SDKROOT; };
		1A65AA8DC11C130E43EE1C0E = {isa = PBXFileReference; lastKnownFileType = file; name = "juce_core"; path = "../../../../../../../../Applications/juce-huckleberry-osx/modules/juce_core"; sourceTree = "SOURCE_ROOT"; };
		1BA94D57CC7F7D8A2E2BB849 = {isa = PBXFileReference; lastKnownFileType = sourcecode.c.h; name = PluginProcessor.h; path = ../../Source/PluginProcessor.h; sourceTree = "SOURCE_ROOT"; };
		1D36A2B044348ACCE3170864 = {isa = PBXFileReference; lastKnownFileType = wrapper.framework; name = Cocoa.framework; path = System/Library/Frameworks/Cocoa.framework; sourceTree = SDKROOT; };
		2383AA75421EC5C44E8ADB2A = {isa = PBXFileReference; lastKnownFileType = wrapper.framework; name = IOKit.framework; path = System/Library/Frameworks/IOKit.framework; sourceTree = SDKROOT; };
		2E3A69938312B4E7D4FEC096 = {isa = PBXFileReference; lastKnownFileType = file; name = "juce_opengl"; path = "../../../../../../../../Applications/juce-huckleberry-osx/modules/juce_opengl"; sourceTree = "SOURCE_ROOT"; };
		2E938C264EB440D3515D0711 = {isa = PBXFileReference; lastKnownFileType = sourcecode.c.h; name = PluginEditor.h; path = ../../Source/PluginEditor.h; sourceTree = "SOURCE_ROOT"; };
		340017C549ED64A410F3F782 = {isa = PBXFileReference; lastKnownFileType = sourcecode.cpp.objcpp; name = "include_juce_audio_formats.mm"; path = "../../JuceLibraryCode/include_juce_audio_formats.mm"; sourceTree = "SOURCE_ROOT"; };
		3898A45DB48AB3ED1B00185C = {isa = PBXFileReference; lastKnownFileType = wrapper.framework; name = CoreMedia.framework; path = System/Library/Frameworks/CoreMedia.framework; sourceTree = SDKROOT; };
		3B3208B3F7162AC46C369AB0 = {isa = PBXFileReference; lastKnownFileType = sourcecode.cpp.cpp; name = MeterComponent.cpp; path = ../../Source/MeterComponent.cpp; sourceTree = "SOURCE_ROOT"; };
		3C771C6684CF63377A40C361 = {isa = PBXFileReference; lastKnownFileType = text.plist.xml; name = A5.entitlements; path = A5.entitlements; sourceTree = "SOURCE_ROOT"; };
		3EB7AE00C052D3479F16A1B9 = {isa = PBXFileReference; lastKnownFileType = sourcecode.cpp.objcpp; name = "include_juce_audio_plugin_client_VST_utils.mm"; path = "../../JuceLibraryCode/include_juce_audio_plugin_client_VST_utils.mm"; sourceTree = "SOURCE_ROOT"; };
		3F1CD6B20E432B492312977B = {isa = PBXFileReference; lastKnownFileType = sourcecode.cpp.objcpp; name = "include_juce_audio_utils.mm"; path = "../../JuceLibraryCode/include_juce_audio_utils.mm"; sourceTree = "SOURCE_ROOT"; };
		449112FCFED34D691C553CA1 = {isa = PBXFileReference; lastKnownFileType = file; name = "juce_audio_plugin_client"; path = "../../../../../../../../Applications/juce-huckleberry-osx/modules/juce_audio_plugin_client"; sourceTree = "SOURCE_ROOT"; };
		45216E1CF0E55D9732C6A5F9 = {isa = PBXFileReference; lastKnownFileType = file; name = "juce_audio_basics"; path = "../../../../../../../../Applications/juce-huckleberry-osx/modules/juce_audio_basics"; sourceTree = "SOURCE_ROOT"; };
		51A8F0E51B7458B222F71544 = {isa = PBXFileReference; lastKnownFileType = sourcecode.cpp.objcpp; name = "include_juce_video.mm"; path = "../../JuceLibraryCode/include_juce_video.mm"; sourceTree = "SOURCE_ROOT"; };
		57C808A30839214D1EA6D288 = {isa = PBXFileReference; lastKnownFileType = sourcecode.cpp.objcpp; name = "include_juce_cryptography.mm"; path = "../../JuceLibraryCode/include_juce_cryptography.mm"; sourceTree = "SOURCE_ROOT"; };
		5E4629F6004307E91280B97E = {isa = PBXFileReference; lastKnownFileType = file; name = "juce_gui_extra"; path = "../../../../../../../../Applications/juce-huckleberry-osx/modules/juce_gui_extra"; sourceTree = "SOURCE_ROOT"; };
		5F16FFFDE1DD70AEA79E1544 = {isa = PBXFileReference; lastKnownFileType = sourcecode.cpp.objcpp; name = "include_juce_events.mm"; path = "../../JuceLibraryCode/include_juce_events.mm"; sourceTree = "SOURCE_ROOT"; };
		6519D12FA3535316B5F0E8A4 = {isa = PBXFileReference; lastKnownFileType = wrapper.framework; name = Accelerate.framework; path = System/Library/Frameworks/Accelerate.framework; sourceTree = SDKROOT; };
		69D4EE3B9864C05E6C339334 = {isa = PBXFileReference; lastKnownFileType = file; name = "juce_video"; path = "../../../../../../../../Applications/juce-huckleberry-osx/modules/juce_video"; sourceTree = "SOURCE_ROOT"; };
		6AED47B294FBC55BE32BE8C6 = {isa = PBXFileReference; lastKnownFileType = sourcecode.cpp.cpp; name = PluginProcessor.cpp; path = ../../Source/PluginProcessor.cpp; sourceTree = "SOURCE_ROOT"; };
		6B1E87D729B82AF0AE93BC47 = {isa = PBXFileReference; lastKnownFileType = sourcecode.cpp.objcpp; name = "include_juce_data_structures.mm"; path = "../../JuceLibraryCode/include_juce_data_structures.mm"; sourceTree = "SOURCE_ROOT"; };
		6DD55E317F49F28B04BBA607 = {isa = PBXFileReference; lastKnownFileType = sourcecode.cpp.objcpp; name = "include_juce_gui_basics.mm"; path = "../../JuceLibraryCode/include_juce_gui_basics.mm"; sourceTree = "SOURCE_ROOT"; };
		720354EBBCF0EB938A1E8C7E = {isa = PBXFileReference; lastKnownFileType = sourcecode.c.h; name = AppConfig.h; path = ../../JuceLibraryCode/AppConfig.h; sourceTree = "SOURCE_ROOT"; };
		7252B0C259BD288E5D280B6F = {isa = PBXFileReference; lastKnownFileType = wrapper.framework; name = AudioToolbox.framework; path = System/Library/Frameworks/AudioToolbox.framework; sourceTree = SDKROOT; };
		74A428ACD3D3178AB557A4B1 = {isa = PBXFileReference; lastKnownFileType = sourcecode.cpp.objcpp; name = "include_juce_graphics.mm"; path = "../../JuceLibraryCode/include_juce_graphics.mm"; sourceTree = "SOURCE_ROOT"; };
		7AA34E3D5DED66E525C8D14C = {isa = PBXFileReference; lastKnownFileType = file; name = "juce_events"; path = "../../../../../../../../Applications/juce-huckleberry-osx/modules/juce_events"; sourceTree = "SOURCE_ROOT"; };
		7C0DC96C89CB3060B61B9F5E = {isa = PBXFileReference; lastKnownFileType = sourcecode.cpp.objcpp; name = "include_juce_audio_devices.mm"; path = "../../JuceLibraryCode/include_juce_audio_devices.mm"; sourceTree = "SOURCE_ROOT"; };
		85CE293FEFBFE0BB99D28137 = {isa = PBXFileReference; lastKnownFileType = file; name = "juce_graphics"; path = "../../../../../../../../Applications/juce-huckleberry-osx/modules/juce_graphics"; sourceTree = "SOURCE_ROOT"; };
		884AF996C712F1A464C9E9FA = {isa = PBXFileReference; lastKnownFileType = wrapper.framework; name = DiscRecording.framework; path = System/Library/Frameworks/DiscRecording.framework; sourceTree = SDKROOT; };
		9364EC59B584D4F01F0F2F2C = {isa = PBXFileReference; lastKnownFileType = sourcecode.cpp.objcpp; name = "include_juce_gui_extra.mm"; path = "../../JuceLibraryCode/include_juce_gui_extra.mm"; sourceTree = "SOURCE_ROOT"; };
		982991232566F87AFE5FA836 = {isa = PBXFileReference; lastKnownFileType = wrapper.framework; name = WebKit.framework; path = System/Library/Frameworks/WebKit.framework; sourceTree = SDKROOT; };
		9B75183F47D2E8F896A8D932 = {isa = PBXFileReference; lastKnownFileType = file; name = "juce_audio_formats"; path = "../../../../../../../../Applications/juce-huckleberry-osx/modules/juce_audio_formats"; sourceTree = "SOURCE_ROOT"; };
		9C51A7FA10E85425FA2778D9 = {isa = PBXFileReference; lastKnownFileType = wrapper.framework; name = AVFoundation.framework; path = System/Library/Frameworks/AVFoundation.framework; sourceTree = SDKROOT; };
		9E51112831787B3395E4C361 = {isa = PBXFileReference; lastKnownFileType = sourcecode.cpp.objcpp; name = "include_juce_audio_processors.mm"; path = "../../JuceLibraryCode/include_juce_audio_processors.mm"; sourceTree = "SOURCE_ROOT"; };
		A5D5C2E20FC71C995AD4FF28 = {isa = PBXFileReference; lastKnownFileType = file; name = "juce_gui_basics"; path = "../../../../../../../../Applications/juce-huckleberry-osx/modules/juce_gui_basics"; sourceTree = "SOURCE_ROOT"; };
		A607587ABC3A3D160C113734 = {isa = PBXFileReference; lastKnownFileType = sourcecode.cpp.cpp; name = "include_juce_audio_plugin_client_utils.cpp"; path = "../../JuceLibraryCode/include_juce_audio_plugin_client_utils.cpp"; sourceTree = "SOURCE_ROOT"; };
		A6120984740EBF0277AF9320 = {isa = PBXFileReference; lastKnownFileType = sourcecode.cpp.objcpp; name = "include_juce_core.mm"; path = "../../JuceLibraryCode/include_juce_core.mm"; sourceTree = "SOURCE_ROOT"; };
		A9369A0D7923800F6E7C174E = {isa = PBXFileReference; lastKnownFileType = wrapper.framework; name = QuartzCore.framework; path = System/Library/Frameworks/QuartzCore.framework; sourceTree = SDKROOT; };
		B63DB1C47992C5D9648C934C = {isa = PBXFileReference; lastKnownFileType = sourcecode.cpp.objcpp; name = "include_juce_opengl.mm"; path = "../../JuceLibraryCode/include_juce_opengl.mm"; sourceTree = "SOURCE_ROOT"; };
		B71AF0F5193E7D6BE2D167FB = {isa = PBXFileReference; lastKnownFileType = text.plist.xml; name = "Info-Standalone_Plugin.plist"; path = "Info-Standalone_Plugin.plist"; sourceTree = "SOURCE_ROOT"; };
		C003BBFBAB6B2D559E121BF6 = {isa = PBXFileReference; lastKnownFileType = sourcecode.cpp.cpp; name = PluginEditor.cpp; path = ../../Source/PluginEditor.cpp; sourceTree = "SOURCE_ROOT"; };
		C2776857E6DE8A2C7FBD4283 = {isa = PBXFileReference; lastKnownFileType = wrapper.framework; name = CoreMIDI.framework; path = System/Library/Frameworks/CoreMIDI.framework; sourceTree = SDKROOT; };
		CED2180B16A070BD65DA8CA9 = {isa = PBXFileReference; lastKnownFileType = sourcecode.c.h; name = MeterComponent.h; path = ../../Source/MeterComponent.h; sourceTree = "SOURCE_ROOT"; };
		D6F174D134F76B9AC7650B73 = {isa = PBXFileReference; explicitFileType = archive.ar; includeInIndex = 0; path = libA5.a; sourceTree = "BUILT_PRODUCTS_DIR"; };
		DCDCD89C7038CE02C9528474 = {isa = PBXFileReference; lastKnownFileType = file; name = "juce_audio_processors"; path = "../../../../../../../../Applications/juce-huckleberry-osx/modules/juce_audio_processors"; sourceTree = "SOURCE_ROOT"; };
		E60243E4F51A05C74234FBB7 = {isa = PBXFileReference; lastKnownFileType = wrapper.framework; name = Carbon.framework; path = System/Library/Frameworks/Carbon.framework; sourceTree = SDKROOT; };
		E9C509246486A309618CEEA5 = {isa = PBXFileReference; lastKnownFileType = file; name = "juce_cryptography"; path = "../../../../../../../../Applications/juce-huckleberry-osx/modules/juce_cryptography"; sourceTree = "SOURCE_ROOT"; };
		F58A0CD7B18ED43B6CF03A53 = {isa = PBXFileReference; lastKnownFileType = sourcecode.c.h; name = JuceHeader.h; path = ../../JuceLibraryCode/JuceHeader.h; sourceTree = "SOURCE_ROOT"; };
		F6235EDDE0758A1E7529C6DE = {isa = PBXFileReference; lastKnownFileType = file; name = "juce_data_structures"; path = "../../../../../../../../Applications/juce-huckleberry-osx/modules/juce_data_structures"; sourceTree = "SOURCE_ROOT"; };
		F64A64EAC16D454245F5F82D = {isa = PBXFileReference; lastKnownFileType = sourcecode.cpp.cpp; name = "include_juce_audio_plugin_client_Standalone.cpp"; path = "../../JuceLibraryCode/include_juce_audio_plugin_client_Standalone.cpp"; sourceTree = "SOURCE_ROOT"; };
		FBCD00DBA35B7375D0EB795F = {isa = PBXFileReference; lastKnownFileType = sourcecode.cpp.objcpp; name = "include_juce_audio_basics.mm"; path = "../../JuceLibraryCode/include_juce_audio_basics.mm"; sourceTree = "SOURCE_ROOT"; };
		FD997CD9A6B1C85B2B993B5F = {isa = PBXFileReference; lastKnownFileType = file; name = "juce_audio_utils"; path = "../../../../../../../../Applications/juce-huckleberry-osx/modules/juce_audio_utils"; sourceTree = "SOURCE_ROOT"; };
		947019E34DD72B854233B698 = {isa = PBXGroup; children = (
					6AED47B294FBC55BE32BE8C6,
					1BA94D57CC7F7D8A2E2BB849,
					C003BBFBAB6B2D559E121BF6,
					2E938C264EB440D3515D0711, ); name = Source; sourceTree = "<group>"; };
		A5FC321C3DFDF16521E4AA3D = {isa = PBXGroup; children = (
					947019E34DD72B854233B698,
					3B3208B3F7162AC46C369AB0,
					CED2180B16A070BD65DA8CA9, ); name = A5; sourceTree = "<group>"; };
		54480C59633E1730F3CB9737 = {isa = PBXGroup; children = (
					45216E1CF0E55D9732C6A5F9,
					077AC216B81D958992FBF501,
					9B75183F47D2E8F896A8D932,
					449112FCFED34D691C553CA1,
					DCDCD89C7038CE02C9528474,
					FD997CD9A6B1C85B2B993B5F,
					1A65AA8DC11C130E43EE1C0E,
					E9C509246486A309618CEEA5,
					F6235EDDE0758A1E7529C6DE,
					7AA34E3D5DED66E525C8D14C,
					85CE293FEFBFE0BB99D28137,
					A5D5C2E20FC71C995AD4FF28,
					5E4629F6004307E91280B97E,
					2E3A69938312B4E7D4FEC096,
					69D4EE3B9864C05E6C339334, ); name = "JUCE Modules"; sourceTree = "<group>"; };
		7F20BA1612A53084E9A37627 = {isa = PBXGroup; children = (
					720354EBBCF0EB938A1E8C7E,
					FBCD00DBA35B7375D0EB795F,
					7C0DC96C89CB3060B61B9F5E,
					340017C549ED64A410F3F782,
					F64A64EAC16D454245F5F82D,
					A607587ABC3A3D160C113734,
					3EB7AE00C052D3479F16A1B9,
					9E51112831787B3395E4C361,
					3F1CD6B20E432B492312977B,
					A6120984740EBF0277AF9320,
					57C808A30839214D1EA6D288,
					6B1E87D729B82AF0AE93BC47,
					5F16FFFDE1DD70AEA79E1544,
					74A428ACD3D3178AB557A4B1,
					6DD55E317F49F28B04BBA607,
					9364EC59B584D4F01F0F2F2C,
					B63DB1C47992C5D9648C934C,
					51A8F0E51B7458B222F71544,
					F58A0CD7B18ED43B6CF03A53, ); name = "JUCE Library Code"; sourceTree = "<group>"; };
		860951638AE2878B43449BA0 = {isa = PBXGroup; children = (
					B71AF0F5193E7D6BE2D167FB,
					0F5A66E94B2527A0C51C8246, ); name = Resources; sourceTree = "<group>"; };
		F23B7A5BD84A4A6E80331EE9 = {isa = PBXGroup; children = (
					6519D12FA3535316B5F0E8A4,
					7252B0C259BD288E5D280B6F,
					9C51A7FA10E85425FA2778D9,
					16AB8950368E3673E1E50C5B,
					E60243E4F51A05C74234FBB7,
					1D36A2B044348ACCE3170864,
					159C2BA1D13C711C4015C1E2,
					3898A45DB48AB3ED1B00185C,
					C2776857E6DE8A2C7FBD4283,
					884AF996C712F1A464C9E9FA,
					2383AA75421EC5C44E8ADB2A,
					1926184C584FA87563FF5869,
					A9369A0D7923800F6E7C174E,
					982991232566F87AFE5FA836, ); name = Frameworks; sourceTree = "<group>"; };
		DFBE10BE1AB1B23201142E0E = {isa = PBXGroup; children = (
					07F86950AEF7D993339FFA79,
					D6F174D134F76B9AC7650B73, ); name = Products; sourceTree = "<group>"; };
		97F668222C24249E8D984378 = {isa = PBXGroup; children = (
					3C771C6684CF63377A40C361,
					A5FC321C3DFDF16521E4AA3D,
					54480C59633E1730F3CB9737,
					7F20BA1612A53084E9A37627,
					860951638AE2878B43449BA0,
					F23B7A5BD84A4A6E80331EE9,
					DFBE10BE1AB1B23201142E0E, ); name = Source; sourceTree = "<group>"; };
		215FFEE032138CDD6F326B7F = {isa = XCBuildConfiguration; buildSettings = {
				MACOSX_DEPLOYMENT_TARGET = 10.11; }; name = Debug; };
		9B6D5F6B9B5709E2689EBADB = {isa = XCBuildConfiguration; buildSettings = {
				MACOSX_DEPLOYMENT_TARGET = 10.11; }; name = Release; };
		208777ADB86131DC25CCA1FA = {isa = XCBuildConfiguration; buildSettings = {
				CLANG_CXX_LANGUAGE_STANDARD = "c++14";
				CLANG_LINK_OBJC_RUNTIME = NO;
				COMBINE_HIDPI_IMAGES = YES;
				CONFIGURATION_BUILD_DIR = "$(PROJECT_DIR)/build/$(CONFIGURATION)";
				COPY_PHASE_STRIP = NO;
				GCC_DYNAMIC_NO_PIC = NO;
				GCC_OPTIMIZATION_LEVEL = 0;
				GCC_PREPROCESSOR_DEFINITIONS = (
					"_DEBUG=1",
					"DEBUG=1",
					"JUCER_XCODE_MAC_F6D2F4CF=1",
					"JUCE_APP_VERSION=1.0.0",
					"JUCE_APP_VERSION_HEX=0x10000",
					"JucePlugin_Build_VST=0",
					"JucePlugin_Build_VST3=0",
					"JucePlugin_Build_AU=0",
					"JucePlugin_Build_AUv3=0",
					"JucePlugin_Build_RTAS=0",
					"JucePlugin_Build_AAX=0",
					"JucePlugin_Build_Standalone=1", );
				GCC_VERSION = com.apple.compilers.llvm.clang.1_0;
				HEADER_SEARCH_PATHS = ("../../JuceLibraryCode", "../../../../../../../../Applications/juce-huckleberry-osx/modules", "../../../../../../../../Applications/juce-huckleberry-osx/modules/juce_audio_plugin_client", "$(inherited)");
				INFOPLIST_FILE = Info-Standalone_Plugin.plist;
				INFOPLIST_PREPROCESS = NO;
				MACOSX_DEPLOYMENT_TARGET = 10.11;
				MACOSX_DEPLOYMENT_TARGET_ppc = 10.4;
				OTHER_LDFLAGS = "-lA5";
				PRODUCT_BUNDLE_IDENTIFIER = com.yourcompany.A5;
				SDKROOT_ppc = macosx10.5;
				USE_HEADERMAP = NO; }; name = Debug; };
		3C1823F3F7E58CC7A57E2957 = {isa = XCBuildConfiguration; buildSettings = {
				CLANG_CXX_LANGUAGE_STANDARD = "c++14";
				CLANG_LINK_OBJC_RUNTIME = NO;
				COMBINE_HIDPI_IMAGES = YES;
				CONFIGURATION_BUILD_DIR = "$(PROJECT_DIR)/build/$(CONFIGURATION)";
				DEAD_CODE_STRIPPING = YES;
				GCC_GENERATE_DEBUGGING_SYMBOLS = NO;
				GCC_OPTIMIZATION_LEVEL = 3;
				GCC_PREPROCESSOR_DEFINITIONS = (
					"_NDEBUG=1",
					"NDEBUG=1",
					"JUCER_XCODE_MAC_F6D2F4CF=1",
					"JUCE_APP_VERSION=1.0.0",
					"JUCE_APP_VERSION_HEX=0x10000",
					"JucePlugin_Build_VST=0",
					"JucePlugin_Build_VST3=0",
					"JucePlugin_Build_AU=0",
					"JucePlugin_Build_AUv3=0",
					"JucePlugin_Build_RTAS=0",
					"JucePlugin_Build_AAX=0",
					"JucePlugin_Build_Standalone=1", );
				GCC_SYMBOLS_PRIVATE_EXTERN = YES;
				GCC_VERSION = com.apple.compilers.llvm.clang.1_0;
				HEADER_SEARCH_PATHS = ("../../JuceLibraryCode", "../../../../../../../../Applications/juce-huckleberry-osx/modules", "../../../../../../../../Applications/juce-huckleberry-osx/modules/juce_audio_plugin_client", "$(inherited)");
				INFOPLIST_FILE = Info-Standalone_Plugin.plist;
				INFOPLIST_PREPROCESS = NO;
				LLVM_LTO = YES;
				MACOSX_DEPLOYMENT_TARGET = 10.11;
				MACOSX_DEPLOYMENT_TARGET_ppc = 10.4;
				OTHER_LDFLAGS = "-lA5";
				PRODUCT_BUNDLE_IDENTIFIER = com.yourcompany.A5;
				SDKROOT_ppc = macosx10.5;
				USE_HEADERMAP = NO; }; name = Release; };
		AC7262B6FDCEAFC9124EC82E = {isa = XCBuildConfiguration; buildSettings = {
				CLANG_CXX_LANGUAGE_STANDARD = "c++14";
				CLANG_LINK_OBJC_RUNTIME = NO;
				COMBINE_HIDPI_IMAGES = YES;
				CONFIGURATION_BUILD_DIR = "$(PROJECT_DIR)/build/$(CONFIGURATION)";
				COPY_PHASE_STRIP = NO;
				GCC_DYNAMIC_NO_PIC = NO;
				GCC_OPTIMIZATION_LEVEL = 0;
				GCC_PREPROCESSOR_DEFINITIONS = (
					"_DEBUG=1",
					"DEBUG=1",
					"JUCER_XCODE_MAC_F6D2F4CF=1",
					"JUCE_APP_VERSION=1.0.0",
					"JUCE_APP_VERSION_HEX=0x10000",
					"JucePlugin_Build_VST=0",
					"JucePlugin_Build_VST3=0",
					"JucePlugin_Build_AU=0",
					"JucePlugin_Build_AUv3=0",
					"JucePlugin_Build_RTAS=0",
					"JucePlugin_Build_AAX=0",
					"JucePlugin_Build_Standalone=1",
					"JUCE_SHARED_CODE=1", );
				GCC_VERSION = com.apple.compilers.llvm.clang.1_0;
				HEADER_SEARCH_PATHS = ("../../JuceLibraryCode", "../../../../../../../../Applications/juce-huckleberry-osx/modules", "../../../../../../../../Applications/juce-huckleberry-osx/modules/juce_audio_plugin_client", "$(inherited)");
				INSTALL_PATH = "@executable_path/../Frameworks";
				MACOSX_DEPLOYMENT_TARGET = 10.11;
				MACOSX_DEPLOYMENT_TARGET_ppc = 10.4;
				PRODUCT_BUNDLE_IDENTIFIER = com.yourcompany.A5;
				SDKROOT_ppc = macosx10.5;
				USE_HEADERMAP = NO; }; name = Debug; };
		99389CED44B9F17F4B3A2AFF = {isa = XCBuildConfiguration; buildSettings = {
				CLANG_CXX_LANGUAGE_STANDARD = "c++14";
				CLANG_LINK_OBJC_RUNTIME = NO;
				COMBINE_HIDPI_IMAGES = YES;
				CONFIGURATION_BUILD_DIR = "$(PROJECT_DIR)/build/$(CONFIGURATION)";
				DEAD_CODE_STRIPPING = YES;
				GCC_GENERATE_DEBUGGING_SYMBOLS = NO;
				GCC_OPTIMIZATION_LEVEL = 3;
				GCC_PREPROCESSOR_DEFINITIONS = (
					"_NDEBUG=1",
					"NDEBUG=1",
					"JUCER_XCODE_MAC_F6D2F4CF=1",
					"JUCE_APP_VERSION=1.0.0",
					"JUCE_APP_VERSION_HEX=0x10000",
					"JucePlugin_Build_VST=0",
					"JucePlugin_Build_VST3=0",
					"JucePlugin_Build_AU=0",
					"JucePlugin_Build_AUv3=0",
					"JucePlugin_Build_RTAS=0",
					"JucePlugin_Build_AAX=0",
					"JucePlugin_Build_Standalone=1",
					"JUCE_SHARED_CODE=1", );
				GCC_SYMBOLS_PRIVATE_EXTERN = YES;
				GCC_VERSION = com.apple.compilers.llvm.clang.1_0;
				HEADER_SEARCH_PATHS = ("../../JuceLibraryCode", "../../../../../../../../Applications/juce-huckleberry-osx/modules", "../../../../../../../../Applications/juce-huckleberry-osx/modules/juce_audio_plugin_client", "$(inherited)");
				INSTALL_PATH = "@executable_path/../Frameworks";
				LLVM_LTO = YES;
				MACOSX_DEPLOYMENT_TARGET = 10.11;
				MACOSX_DEPLOYMENT_TARGET_ppc = 10.4;
				PRODUCT_BUNDLE_IDENTIFIER = com.yourcompany.A5;
				SDKROOT_ppc = macosx10.5;
				USE_HEADERMAP = NO; }; name = Release; };
		B05D6D5957A2027228787FA3 = {isa = XCBuildConfiguration; buildSettings = {
				ALWAYS_SEARCH_USER_PATHS = NO;
				CLANG_WARN_BLOCK_CAPTURE_AUTORELEASING = YES;
				CLANG_WARN_BOOL_CONVERSION = YES;
				CLANG_WARN_COMMA = YES;
				CLANG_WARN_CONSTANT_CONVERSION = YES;
				CLANG_WARN_EMPTY_BODY = YES;
				CLANG_WARN_ENUM_CONVERSION = YES;
				CLANG_WARN_INFINITE_RECURSION = YES;
				CLANG_WARN_INT_CONVERSION = YES;
				CLANG_WARN_NON_LITERAL_NULL_CONVERSION = YES;
				CLANG_WARN_OBJC_LITERAL_CONVERSION = YES;
				CLANG_WARN_RANGE_LOOP_ANALYSIS = YES;
				CLANG_WARN_STRICT_PROTOTYPES = YES;
				CLANG_WARN_SUSPICIOUS_MOVE = YES;
				CLANG_WARN_UNREACHABLE_CODE = YES;
				CLANG_WARN__DUPLICATE_METHOD_MATCH = YES;
				DEBUG_INFORMATION_FORMAT = "dwarf";
				ENABLE_STRICT_OBJC_MSGSEND = YES;
				ENABLE_TESTABILITY = YES;
				GCC_C_LANGUAGE_STANDARD = c11;
				GCC_INLINES_ARE_PRIVATE_EXTERN = YES;
				GCC_MODEL_TUNING = G5;
				GCC_NO_COMMON_BLOCKS = YES;
				GCC_WARN_64_TO_32_BIT_CONVERSION = YES;
				GCC_WARN_ABOUT_RETURN_TYPE = YES;
				GCC_WARN_CHECK_SWITCH_STATEMENTS = YES;
				GCC_WARN_MISSING_PARENTHESES = YES;
				GCC_WARN_NON_VIRTUAL_DESTRUCTOR = YES;
				GCC_WARN_TYPECHECK_CALLS_TO_PRINTF = YES;
				GCC_WARN_UNDECLARED_SELECTOR = YES;
				GCC_WARN_UNINITIALIZED_AUTOS = YES;
				GCC_WARN_UNUSED_FUNCTION = YES;
				GCC_WARN_UNUSED_VARIABLE = YES;
				ONLY_ACTIVE_ARCH = YES;
				PRODUCT_NAME = "A5";
				WARNING_CFLAGS = -Wreorder;
				ZERO_LINK = NO; }; name = Debug; };
		94ABED42905EEA0DF5B6F8D6 = {isa = XCBuildConfiguration; buildSettings = {
				ALWAYS_SEARCH_USER_PATHS = NO;
				CLANG_WARN_BLOCK_CAPTURE_AUTORELEASING = YES;
				CLANG_WARN_BOOL_CONVERSION = YES;
				CLANG_WARN_COMMA = YES;
				CLANG_WARN_CONSTANT_CONVERSION = YES;
				CLANG_WARN_EMPTY_BODY = YES;
				CLANG_WARN_ENUM_CONVERSION = YES;
				CLANG_WARN_INFINITE_RECURSION = YES;
				CLANG_WARN_INT_CONVERSION = YES;
				CLANG_WARN_NON_LITERAL_NULL_CONVERSION = YES;
				CLANG_WARN_OBJC_LITERAL_CONVERSION = YES;
				CLANG_WARN_RANGE_LOOP_ANALYSIS = YES;
				CLANG_WARN_STRICT_PROTOTYPES = YES;
				CLANG_WARN_SUSPICIOUS_MOVE = YES;
				CLANG_WARN_UNREACHABLE_CODE = YES;
				CLANG_WARN__DUPLICATE_METHOD_MATCH = YES;
				DEBUG_INFORMATION_FORMAT = "dwarf";
				ENABLE_STRICT_OBJC_MSGSEND = YES;
				GCC_C_LANGUAGE_STANDARD = c11;
				GCC_INLINES_ARE_PRIVATE_EXTERN = YES;
				GCC_MODEL_TUNING = G5;
				GCC_NO_COMMON_BLOCKS = YES;
				GCC_WARN_64_TO_32_BIT_CONVERSION = YES;
				GCC_WARN_ABOUT_RETURN_TYPE = YES;
				GCC_WARN_CHECK_SWITCH_STATEMENTS = YES;
				GCC_WARN_MISSING_PARENTHESES = YES;
				GCC_WARN_NON_VIRTUAL_DESTRUCTOR = YES;
				GCC_WARN_TYPECHECK_CALLS_TO_PRINTF = YES;
				GCC_WARN_UNDECLARED_SELECTOR = YES;
				GCC_WARN_UNINITIALIZED_AUTOS = YES;
				GCC_WARN_UNUSED_FUNCTION = YES;
				GCC_WARN_UNUSED_VARIABLE = YES;
				PRODUCT_NAME = "A5";
				WARNING_CFLAGS = -Wreorder;
				ZERO_LINK = NO; }; name = Release; };
		09EAF3F6E590A910905347D7 = {isa = PBXTargetDependency; target = 0A05FD03E06CE826854CF7A8; };
		E80BA00657B934CD08C93F97 = {isa = PBXTargetDependency; target = ABDA0E5891CCDC25737E50DF; };
		8765E17CC15606167572839C = {isa = XCConfigurationList; buildConfigurations = (
					B05D6D5957A2027228787FA3,
					94ABED42905EEA0DF5B6F8D6, ); defaultConfigurationIsVisible = 0; defaultConfigurationName = Debug; };
		34306D9F7C58A7DB868B8356 = {isa = XCConfigurationList; buildConfigurations = (
					215FFEE032138CDD6F326B7F,
					9B6D5F6B9B5709E2689EBADB, ); defaultConfigurationIsVisible = 0; defaultConfigurationName = Debug; };
		3BE391CA43C829A92FD2C5A5 = {isa = PBXAggregateTarget; buildConfigurationList = 34306D9F7C58A7DB868B8356; buildPhases = (  ); buildRules = ( ); dependencies = (
					09EAF3F6E590A910905347D7,
					E80BA00657B934CD08C93F97, ); name = "A5 - All"; productName = A5; };
		8DF66C300BD5F54C68BEFA27 = {isa = XCConfigurationList; buildConfigurations = (
					208777ADB86131DC25CCA1FA,
					3C1823F3F7E58CC7A57E2957, ); defaultConfigurationIsVisible = 0; defaultConfigurationName = Debug; };
		5F5262FE429464D5C1303B5C = {isa = PBXResourcesBuildPhase; buildActionMask = 2147483647; files = (
					0CFE79C37DFEB1DF753AEB01, ); runOnlyForDeploymentPostprocessing = 0; };
		9628B50BE598856D77027B66 = {isa = PBXSourcesBuildPhase; buildActionMask = 2147483647; files = (
					3C45C1DCF6EF0550EE2F72DD, ); runOnlyForDeploymentPostprocessing = 0; };
		645CA8FB764F437FC72EE769 = {isa = PBXFrameworksBuildPhase; buildActionMask = 2147483647; files = (
					FB2F4E87831C40A708705553,
					423950656B7CB0FA43A3C057,
					65B59741E1DE6BE13513C557,
					7E9D63B00BD3A70A7C090D40,
					4AF71DEC7BD63BB61FEC5FAA,
					A29982D4ABB7246BF6512AD0,
					EB0FCCD0A9394FEB1EBC0740,
					1C661A6B435CC61B6A1FE966,
					0CA0EE3192D9D9ACB768D42D,
					21F1055A4689ABCF757E55AD,
					A79515610A9F73E3FD3B9802,
					27C197B77B9B118C2CFBA418,
					82D8AED6AC0517DFCDCE32D6,
					41C95E6C038A62028C08A06B, ); runOnlyForDeploymentPostprocessing = 0; };
		0A05FD03E06CE826854CF7A8 = {isa = PBXNativeTarget; buildConfigurationList = 8DF66C300BD5F54C68BEFA27; buildPhases = (
					5F5262FE429464D5C1303B5C,
					9628B50BE598856D77027B66,
					645CA8FB764F437FC72EE769, ); buildRules = ( ); dependencies = (
					E80BA00657B934CD08C93F97, ); name = "A5 - Standalone Plugin"; productName = A5; productReference = 07F86950AEF7D993339FFA79; productType = "com.apple.product-type.application"; };
		08FE2903BE847F8F6792789B = {isa = XCConfigurationList; buildConfigurations = (
					AC7262B6FDCEAFC9124EC82E,
					99389CED44B9F17F4B3A2AFF, ); defaultConfigurationIsVisible = 0; defaultConfigurationName = Debug; };
		2026731D1DB2E318EBFE0C19 = {isa = PBXSourcesBuildPhase; buildActionMask = 2147483647; files = (
					1A94118AEB7C86D905BBE358,
					881F30052A3D74EFD1D71FC6,
					8B2D0087A965EA847B8C1A14,
					320B8650F574841E7A79444A,
					F86DDDC5C77962750EA540A7,
					D2346DB78FAA32FED955E091,
					61D088FAE67EDBE3259585F0,
					85D019A6EC3F939EF517D504,
					1766D6BEEB975722BA2FB813,
					B9BA847581881DC7BEE2A745,
					C493CBC6B1576F1A40F71DCE,
					D595ACFF2458D595A1D4DDDF,
					7F7867695908D760FE291D6C,
					948DE5F56081199E27E2CC47,
					4BE404E4274A77E73E984128,
					0A0F80B24E37C18A1D9AA1AA,
					5C7FBFC519DDBAD2C4690913,
					2F617669E580C28D4BFE58F2,
					EFB999AE1D43085D7EAB6AC1, ); runOnlyForDeploymentPostprocessing = 0; };
		ABDA0E5891CCDC25737E50DF = {isa = PBXNativeTarget; buildConfigurationList = 08FE2903BE847F8F6792789B; buildPhases = (
					2026731D1DB2E318EBFE0C19, ); buildRules = ( ); dependencies = (  ); name = "A5 - Shared Code"; productName = A5; productReference = D6F174D134F76B9AC7650B73; productType = "com.apple.product-type.library.static"; };
		A0574FA3B7AB2445535555A1 = {isa = PBXProject; buildConfigurationList = 8765E17CC15606167572839C; attributes = { LastUpgradeCheck = 0830; ORGANIZATIONNAME = ""; TargetAttributes = { 3BE391CA43C829A92FD2C5A5 = { SystemCapabilities = {com.apple.ApplicationGroups.iOS = { enabled = 0; }; com.apple.InAppPurchase = { enabled = 0; }; com.apple.InterAppAudio = { enabled = 0; }; com.apple.Push = { enabled = 0; }; com.apple.Sandbox = { enabled = 0; }; }; };0A05FD03E06CE826854CF7A8 = { SystemCapabilities = {com.apple.ApplicationGroups.iOS = { enabled = 0; }; com.apple.InAppPurchase = { enabled = 0; }; com.apple.InterAppAudio = { enabled = 0; }; com.apple.Push = { enabled = 0; }; com.apple.Sandbox = { enabled = 0; }; }; };ABDA0E5891CCDC25737E50DF = { SystemCapabilities = {com.apple.ApplicationGroups.iOS = { enabled = 0; }; com.apple.InAppPurchase = { enabled = 0; }; com.apple.InterAppAudio = { enabled = 0; }; com.apple.Push = { enabled = 0; }; com.apple.Sandbox = { enabled = 0; }; }; }; }; }; compatibilityVersion = "Xcode 3.2"; hasScannedForEncodings = 0; mainGroup = 97F668222C24249E8D984378; projectDirPath = ""; projectRoot = ""; targets = (3BE391CA43C829A92FD2C5A5, 0A05FD03E06CE826854CF7A8, ABDA0E5891CCDC25737E50DF); };
	};
	rootObject = A0574FA3B7AB2445535555A1;
}
